
Microsoft Visual Studio Solution File, Format Version 12.00
# Visual Studio Version 17
VisualStudioVersion = 17.14.36511.14
MinimumVisualStudioVersion = 10.0.40219.1
Project("{FAE04EC0-301F-11D3-BF4B-00C04F79EFBC}") = "LessonsFlow.Core", "LessonsFlow.Core\LessonsFlow.Core.csproj", "{573EA661-946F-4D29-8D85-86AC95043E2E}"
EndProject
Project("{FAE04EC0-301F-11D3-BF4B-00C04F79EFBC}") = "LessonsFlow.Domain", "LessonsFlow.Domain\LessonsFlow.Domain.csproj", "{D91B09B6-EF84-45A8-8A64-5CEFD61EC687}"
EndProject
Project("{FAE04EC0-301F-11D3-BF4B-00C04F79EFBC}") = "LessonsFlow.Infrastructure.Postgres", "LessonsFlow.Infrastructure.Postgres\LessonsFlow.Infrastructure.Postgres.csproj", "{16968A3F-C668-4E8D-B5B7-E4F3D8D68DCF}"
EndProject
Project("{2150E333-8FDC-42A3-9474-1A3956D46DE8}") = "Solution Items", "Solution Items", "{36D591C7-65C7-A0D1-1CBC-10CDE441BDC8}"
	ProjectSection(SolutionItems) = preProject
		.editorconfig = .editorconfig
		Directory.Build.props = Directory.Build.props
		Directory.Packages.props = Directory.Packages.props
	EndProjectSection
EndProject
Global
	GlobalSection(SolutionConfigurationPlatforms) = preSolution
		Debug|Any CPU = Debug|Any CPU
		Release|Any CPU = Release|Any CPU
	EndGlobalSection
	GlobalSection(ProjectConfigurationPlatforms) = postSolution
		{573EA661-946F-4D29-8D85-86AC95043E2E}.Debug|Any CPU.ActiveCfg = Debug|Any CPU
		{573EA661-946F-4D29-8D85-86AC95043E2E}.Debug|Any CPU.Build.0 = Debug|Any CPU
		{573EA661-946F-4D29-8D85-86AC95043E2E}.Release|Any CPU.ActiveCfg = Release|Any CPU
		{573EA661-946F-4D29-8D85-86AC95043E2E}.Release|Any CPU.Build.0 = Release|Any CPU
		{D91B09B6-EF84-45A8-8A64-5CEFD61EC687}.Debug|Any CPU.ActiveCfg = Debug|Any CPU
		{D91B09B6-EF84-45A8-8A64-5CEFD61EC687}.Debug|Any CPU.Build.0 = Debug|Any CPU
		{D91B09B6-EF84-45A8-8A64-5CEFD61EC687}.Release|Any CPU.ActiveCfg = Release|Any CPU
		{D91B09B6-EF84-45A8-8A64-5CEFD61EC687}.Release|Any CPU.Build.0 = Release|Any CPU
		{16968A3F-C668-4E8D-B5B7-E4F3D8D68DCF}.Debug|Any CPU.ActiveCfg = Debug|Any CPU
		{16968A3F-C668-4E8D-B5B7-E4F3D8D68DCF}.Debug|Any CPU.Build.0 = Debug|Any CPU
		{16968A3F-C668-4E8D-B5B7-E4F3D8D68DCF}.Release|Any CPU.ActiveCfg = Release|Any CPU
		{16968A3F-C668-4E8D-B5B7-E4F3D8D68DCF}.Release|Any CPU.Build.0 = Release|Any CPU
	EndGlobalSection
	GlobalSection(SolutionProperties) = preSolution
		HideSolutionNode = FALSE
	EndGlobalSection
	GlobalSection(ExtensibilityGlobals) = postSolution
		SolutionGuid = {703C60E1-37E4-4005-B68D-F8F4A1CAD439}
	EndGlobalSection
EndGlobal
